// !$*UTF8*$!
{
	archiveVersion = 1;
	classes = {
	};
	objectVersion = 50;
	objects = {

/* Begin PBXBuildFile section */
		1372A01925F4CC87006DC40B /* AppDelegate.swift in Sources */ = {isa = PBXBuildFile; fileRef = 1372A01825F4CC87006DC40B /* AppDelegate.swift */; };
		1372A01B25F4CC87006DC40B /* SceneDelegate.swift in Sources */ = {isa = PBXBuildFile; fileRef = 1372A01A25F4CC87006DC40B /* SceneDelegate.swift */; };
		1372A01D25F4CC87006DC40B /* ViewController.swift in Sources */ = {isa = PBXBuildFile; fileRef = 1372A01C25F4CC87006DC40B /* ViewController.swift */; };
		1372A02025F4CC87006DC40B /* Main.storyboard in Resources */ = {isa = PBXBuildFile; fileRef = 1372A01E25F4CC87006DC40B /* Main.storyboard */; };
		1372A02225F4CC8F006DC40B /* Assets.xcassets in Resources */ = {isa = PBXBuildFile; fileRef = 1372A02125F4CC8F006DC40B /* Assets.xcassets */; };
		1372A02525F4CC8F006DC40B /* LaunchScreen.storyboard in Resources */ = {isa = PBXBuildFile; fileRef = 1372A02325F4CC8F006DC40B /* LaunchScreen.storyboard */; };
		1372A03025F4CC90006DC40B /* ToDoListTests.swift in Sources */ = {isa = PBXBuildFile; fileRef = 1372A02F25F4CC90006DC40B /* ToDoListTests.swift */; };
		1372A03B25F4CC90006DC40B /* ToDoListUITests.swift in Sources */ = {isa = PBXBuildFile; fileRef = 1372A03A25F4CC90006DC40B /* ToDoListUITests.swift */; };
/* End PBXBuildFile section */

/* Begin PBXContainerItemProxy section */
		1372A02C25F4CC90006DC40B /* PBXContainerItemProxy */ = {
			isa = PBXContainerItemProxy;
			containerPortal = 1372A00D25F4CC87006DC40B /* Project object */;
			proxyType = 1;
			remoteGlobalIDString = 1372A01425F4CC87006DC40B;
			remoteInfo = ToDoList;
		};
		1372A03725F4CC90006DC40B /* PBXContainerItemProxy */ = {
			isa = PBXContainerItemProxy;
			containerPortal = 1372A00D25F4CC87006DC40B /* Project object */;
			proxyType = 1;
			remoteGlobalIDString = 1372A01425F4CC87006DC40B;
			remoteInfo = ToDoList;
		};
/* End PBXContainerItemProxy section */

/* Begin PBXFileReference section */
		1372A01525F4CC87006DC40B /* ToDoList.app */ = {isa = PBXFileReference; explicitFileType = wrapper.application; includeInIndex = 0; path = ToDoList.app; sourceTree = BUILT_PRODUCTS_DIR; };
		1372A01825F4CC87006DC40B /* AppDelegate.swift */ = {isa = PBXFileReference; lastKnownFileType = sourcecode.swift; path = AppDelegate.swift; sourceTree = "<group>"; };
		1372A01A25F4CC87006DC40B /* SceneDelegate.swift */ = {isa = PBXFileReference; lastKnownFileType = sourcecode.swift; path = SceneDelegate.swift; sourceTree = "<group>"; };
		1372A01C25F4CC87006DC40B /* ViewController.swift */ = {isa = PBXFileReference; lastKnownFileType = sourcecode.swift; path = ViewController.swift; sourceTree = "<group>"; };
		1372A01F25F4CC87006DC40B /* Base */ = {isa = PBXFileReference; lastKnownFileType = file.storyboard; name = Base; path = Base.lproj/Main.storyboard; sourceTree = "<group>"; };
		1372A02125F4CC8F006DC40B /* Assets.xcassets */ = {isa = PBXFileReference; lastKnownFileType = folder.assetcatalog; path = Assets.xcassets; sourceTree = "<group>"; };
		1372A02425F4CC8F006DC40B /* Base */ = {isa = PBXFileReference; lastKnownFileType = file.storyboard; name = Base; path = Base.lproj/LaunchScreen.storyboard; sourceTree = "<group>"; };
		1372A02625F4CC8F006DC40B /* Info.plist */ = {isa = PBXFileReference; lastKnownFileType = text.plist.xml; path = Info.plist; sourceTree = "<group>"; };
		1372A02B25F4CC90006DC40B /* ToDoListTests.xctest */ = {isa = PBXFileReference; explicitFileType = wrapper.cfbundle; includeInIndex = 0; path = ToDoListTests.xctest; sourceTree = BUILT_PRODUCTS_DIR; };
		1372A02F25F4CC90006DC40B /* ToDoListTests.swift */ = {isa = PBXFileReference; lastKnownFileType = sourcecode.swift; path = ToDoListTests.swift; sourceTree = "<group>"; };
		1372A03125F4CC90006DC40B /* Info.plist */ = {isa = PBXFileReference; lastKnownFileType = text.plist.xml; path = Info.plist; sourceTree = "<group>"; };
		1372A03625F4CC90006DC40B /* ToDoListUITests.xctest */ = {isa = PBXFileReference; explicitFileType = wrapper.cfbundle; includeInIndex = 0; path = ToDoListUITests.xctest; sourceTree = BUILT_PRODUCTS_DIR; };
		1372A03A25F4CC90006DC40B /* ToDoListUITests.swift */ = {isa = PBXFileReference; lastKnownFileType = sourcecode.swift; path = ToDoListUITests.swift; sourceTree = "<group>"; };
		1372A03C25F4CC90006DC40B /* Info.plist */ = {isa = PBXFileReference; lastKnownFileType = text.plist.xml; path = Info.plist; sourceTree = "<group>"; };
/* End PBXFileReference section */

/* Begin PBXFrameworksBuildPhase section */
		1372A01225F4CC87006DC40B /* Frameworks */ = {
			isa = PBXFrameworksBuildPhase;
			buildActionMask = 2147483647;
			files = (
			);
			runOnlyForDeploymentPostprocessing = 0;
		};
		1372A02825F4CC90006DC40B /* Frameworks */ = {
			isa = PBXFrameworksBuildPhase;
			buildActionMask = 2147483647;
			files = (
			);
			runOnlyForDeploymentPostprocessing = 0;
		};
		1372A03325F4CC90006DC40B /* Frameworks */ = {
			isa = PBXFrameworksBuildPhase;
			buildActionMask = 2147483647;
			files = (
			);
			runOnlyForDeploymentPostprocessing = 0;
		};
/* End PBXFrameworksBuildPhase section */

/* Begin PBXGroup section */
		1372A00C25F4CC87006DC40B = {
			isa = PBXGroup;
			children = (
				1372A01725F4CC87006DC40B /* ToDoList */,
				1372A02E25F4CC90006DC40B /* ToDoListTests */,
				1372A03925F4CC90006DC40B /* ToDoListUITests */,
				1372A01625F4CC87006DC40B /* Products */,
			);
			sourceTree = "<group>";
		};
		1372A01625F4CC87006DC40B /* Products */ = {
			isa = PBXGroup;
			children = (
				1372A01525F4CC87006DC40B /* ToDoList.app */,
				1372A02B25F4CC90006DC40B /* ToDoListTests.xctest */,
				1372A03625F4CC90006DC40B /* ToDoListUITests.xctest */,
			);
			name = Products;
			sourceTree = "<group>";
		};
		1372A01725F4CC87006DC40B /* ToDoList */ = {
			isa = PBXGroup;
			children = (
				1372A01825F4CC87006DC40B /* AppDelegate.swift */,
				1372A01A25F4CC87006DC40B /* SceneDelegate.swift */,
				1372A01C25F4CC87006DC40B /* ViewController.swift */,
				1372A01E25F4CC87006DC40B /* Main.storyboard */,
				1372A02125F4CC8F006DC40B /* Assets.xcassets */,
				1372A02325F4CC8F006DC40B /* LaunchScreen.storyboard */,
				1372A02625F4CC8F006DC40B /* Info.plist */,
			);
			path = ToDoList;
			sourceTree = "<group>";
		};
		1372A02E25F4CC90006DC40B /* ToDoListTests */ = {
			isa = PBXGroup;
			children = (
				1372A02F25F4CC90006DC40B /* ToDoListTests.swift */,
				1372A03125F4CC90006DC40B /* Info.plist */,
			);
			path = ToDoListTests;
			sourceTree = "<group>";
		};
		1372A03925F4CC90006DC40B /* ToDoListUITests */ = {
			isa = PBXGroup;
			children = (
				1372A03A25F4CC90006DC40B /* ToDoListUITests.swift */,
				1372A03C25F4CC90006DC40B /* Info.plist */,
			);
			path = ToDoListUITests;
			sourceTree = "<group>";
		};
/* End PBXGroup section */

/* Begin PBXNativeTarget section */
		1372A01425F4CC87006DC40B /* ToDoList */ = {
			isa = PBXNativeTarget;
			buildConfigurationList = 1372A03F25F4CC90006DC40B /* Build configuration list for PBXNativeTarget "ToDoList" */;
			buildPhases = (
				1372A01125F4CC87006DC40B /* Sources */,
				1372A01225F4CC87006DC40B /* Frameworks */,
				1372A01325F4CC87006DC40B /* Resources */,
			);
			buildRules = (
			);
			dependencies = (
			);
			name = ToDoList;
			productName = ToDoList;
			productReference = 1372A01525F4CC87006DC40B /* ToDoList.app */;
			productType = "com.apple.product-type.application";
		};
		1372A02A25F4CC90006DC40B /* ToDoListTests */ = {
			isa = PBXNativeTarget;
			buildConfigurationList = 1372A04225F4CC90006DC40B /* Build configuration list for PBXNativeTarget "ToDoListTests" */;
			buildPhases = (
				1372A02725F4CC90006DC40B /* Sources */,
				1372A02825F4CC90006DC40B /* Frameworks */,
				1372A02925F4CC90006DC40B /* Resources */,
			);
			buildRules = (
			);
			dependencies = (
				1372A02D25F4CC90006DC40B /* PBXTargetDependency */,
			);
			name = ToDoListTests;
			productName = ToDoListTests;
			productReference = 1372A02B25F4CC90006DC40B /* ToDoListTests.xctest */;
			productType = "com.apple.product-type.bundle.unit-test";
		};
		1372A03525F4CC90006DC40B /* ToDoListUITests */ = {
			isa = PBXNativeTarget;
			buildConfigurationList = 1372A04525F4CC90006DC40B /* Build configuration list for PBXNativeTarget "ToDoListUITests" */;
			buildPhases = (
				1372A03225F4CC90006DC40B /* Sources */,
				1372A03325F4CC90006DC40B /* Frameworks */,
				1372A03425F4CC90006DC40B /* Resources */,
			);
			buildRules = (
			);
			dependencies = (
				1372A03825F4CC90006DC40B /* PBXTargetDependency */,
			);
			name = ToDoListUITests;
			productName = ToDoListUITests;
			productReference = 1372A03625F4CC90006DC40B /* ToDoListUITests.xctest */;
			productType = "com.apple.product-type.bundle.ui-testing";
		};
/* End PBXNativeTarget section */

/* Begin PBXProject section */
		1372A00D25F4CC87006DC40B /* Project object */ = {
			isa = PBXProject;
			attributes = {
				LastSwiftUpdateCheck = 1230;
				LastUpgradeCheck = 1230;
				TargetAttributes = {
					1372A01425F4CC87006DC40B = {
						CreatedOnToolsVersion = 12.3;
					};
					1372A02A25F4CC90006DC40B = {
						CreatedOnToolsVersion = 12.3;
						TestTargetID = 1372A01425F4CC87006DC40B;
					};
					1372A03525F4CC90006DC40B = {
						CreatedOnToolsVersion = 12.3;
						TestTargetID = 1372A01425F4CC87006DC40B;
					};
				};
			};
			buildConfigurationList = 1372A01025F4CC87006DC40B /* Build configuration list for PBXProject "ToDoList" */;
			compatibilityVersion = "Xcode 9.3";
			developmentRegion = en;
			hasScannedForEncodings = 0;
			knownRegions = (
				en,
				Base,
			);
			mainGroup = 1372A00C25F4CC87006DC40B;
			productRefGroup = 1372A01625F4CC87006DC40B /* Products */;
			projectDirPath = "";
			projectRoot = "";
			targets = (
				1372A01425F4CC87006DC40B /* ToDoList */,
				1372A02A25F4CC90006DC40B /* ToDoListTests */,
				1372A03525F4CC90006DC40B /* ToDoListUITests */,
			);
		};
/* End PBXProject section */

/* Begin PBXResourcesBuildPhase section */
		1372A01325F4CC87006DC40B /* Resources */ = {
			isa = PBXResourcesBuildPhase;
			buildActionMask = 2147483647;
			files = (
				1372A02525F4CC8F006DC40B /* LaunchScreen.storyboard in Resources */,
				1372A02225F4CC8F006DC40B /* Assets.xcassets in Resources */,
				1372A02025F4CC87006DC40B /* Main.storyboard in Resources */,
			);
			runOnlyForDeploymentPostprocessing = 0;
		};
		1372A02925F4CC90006DC40B /* Resources */ = {
			isa = PBXResourcesBuildPhase;
			buildActionMask = 2147483647;
			files = (
			);
			runOnlyForDeploymentPostprocessing = 0;
		};
		1372A03425F4CC90006DC40B /* Resources */ = {
			isa = PBXResourcesBuildPhase;
			buildActionMask = 2147483647;
			files = (
			);
			runOnlyForDeploymentPostprocessing = 0;
		};
/* End PBXResourcesBuildPhase section */

/* Begin PBXSourcesBuildPhase section */
		1372A01125F4CC87006DC40B /* Sources */ = {
			isa = PBXSourcesBuildPhase;
			buildActionMask = 2147483647;
			files = (
				1372A01D25F4CC87006DC40B /* ViewController.swift in Sources */,
				1372A01925F4CC87006DC40B /* AppDelegate.swift in Sources */,
				1372A01B25F4CC87006DC40B /* SceneDelegate.swift in Sources */,
			);
			runOnlyForDeploymentPostprocessing = 0;
		};
		1372A02725F4CC90006DC40B /* Sources */ = {
			isa = PBXSourcesBuildPhase;
			buildActionMask = 2147483647;
			files = (
				1372A03025F4CC90006DC40B /* ToDoListTests.swift in Sources */,
			);
			runOnlyForDeploymentPostprocessing = 0;
		};
		1372A03225F4CC90006DC40B /* Sources */ = {
			isa = PBXSourcesBuildPhase;
			buildActionMask = 2147483647;
			files = (
				1372A03B25F4CC90006DC40B /* ToDoListUITests.swift in Sources */,
			);
			runOnlyForDeploymentPostprocessing = 0;
		};
/* End PBXSourcesBuildPhase section */

/* Begin PBXTargetDependency section */
		1372A02D25F4CC90006DC40B /* PBXTargetDependency */ = {
			isa = PBXTargetDependency;
			target = 1372A01425F4CC87006DC40B /* ToDoList */;
			targetProxy = 1372A02C25F4CC90006DC40B /* PBXContainerItemProxy */;
		};
		1372A03825F4CC90006DC40B /* PBXTargetDependency */ = {
			isa = PBXTargetDependency;
			target = 1372A01425F4CC87006DC40B /* ToDoList */;
			targetProxy = 1372A03725F4CC90006DC40B /* PBXContainerItemProxy */;
		};
/* End PBXTargetDependency section */

/* Begin PBXVariantGroup section */
		1372A01E25F4CC87006DC40B /* Main.storyboard */ = {
			isa = PBXVariantGroup;
			children = (
				1372A01F25F4CC87006DC40B /* Base */,
			);
			name = Main.storyboard;
			sourceTree = "<group>";
		};
		1372A02325F4CC8F006DC40B /* LaunchScreen.storyboard */ = {
			isa = PBXVariantGroup;
			children = (
				1372A02425F4CC8F006DC40B /* Base */,
			);
			name = LaunchScreen.storyboard;
			sourceTree = "<group>";
		};
/* End PBXVariantGroup section */

/* Begin XCBuildConfiguration section */
		1372A03D25F4CC90006DC40B /* Debug */ = {
			isa = XCBuildConfiguration;
			buildSettings = {
				ALWAYS_SEARCH_USER_PATHS = NO;
				CLANG_ANALYZER_NONNULL = YES;
				CLANG_ANALYZER_NUMBER_OBJECT_CONVERSION = YES_AGGRESSIVE;
				CLANG_CXX_LANGUAGE_STANDARD = "gnu++14";
				CLANG_CXX_LIBRARY = "libc++";
				CLANG_ENABLE_MODULES = YES;
				CLANG_ENABLE_OBJC_ARC = YES;
				CLANG_ENABLE_OBJC_WEAK = YES;
				CLANG_WARN_BLOCK_CAPTURE_AUTORELEASING = YES;
				CLANG_WARN_BOOL_CONVERSION = YES;
				CLANG_WARN_COMMA = YES;
				CLANG_WARN_CONSTANT_CONVERSION = YES;
				CLANG_WARN_DEPRECATED_OBJC_IMPLEMENTATIONS = YES;
				CLANG_WARN_DIRECT_OBJC_ISA_USAGE = YES_ERROR;
				CLANG_WARN_DOCUMENTATION_COMMENTS = YES;
				CLANG_WARN_EMPTY_BODY = YES;
				CLANG_WARN_ENUM_CONVERSION = YES;
				CLANG_WARN_INFINITE_RECURSION = YES;
				CLANG_WARN_INT_CONVERSION = YES;
				CLANG_WARN_NON_LITERAL_NULL_CONVERSION = YES;
				CLANG_WARN_OBJC_IMPLICIT_RETAIN_SELF = YES;
				CLANG_WARN_OBJC_LITERAL_CONVERSION = YES;
				CLANG_WARN_OBJC_ROOT_CLASS = YES_ERROR;
				CLANG_WARN_QUOTED_INCLUDE_IN_FRAMEWORK_HEADER = YES;
				CLANG_WARN_RANGE_LOOP_ANALYSIS = YES;
				CLANG_WARN_STRICT_PROTOTYPES = YES;
				CLANG_WARN_SUSPICIOUS_MOVE = YES;
				CLANG_WARN_UNGUARDED_AVAILABILITY = YES_AGGRESSIVE;
				CLANG_WARN_UNREACHABLE_CODE = YES;
				CLANG_WARN__DUPLICATE_METHOD_MATCH = YES;
				COPY_PHASE_STRIP = NO;
				DEBUG_INFORMATION_FORMAT = dwarf;
				ENABLE_STRICT_OBJC_MSGSEND = YES;
				ENABLE_TESTABILITY = YES;
				GCC_C_LANGUAGE_STANDARD = gnu11;
				GCC_DYNAMIC_NO_PIC = NO;
				GCC_NO_COMMON_BLOCKS = YES;
				GCC_OPTIMIZATION_LEVEL = 0;
				GCC_PREPROCESSOR_DEFINITIONS = (
					"DEBUG=1",
					"$(inherited)",
				);
				GCC_WARN_64_TO_32_BIT_CONVERSION = YES;
				GCC_WARN_ABOUT_RETURN_TYPE = YES_ERROR;
				GCC_WARN_UNDECLARED_SELECTOR = YES;
				GCC_WARN_UNINITIALIZED_AUTOS = YES_AGGRESSIVE;
				GCC_WARN_UNUSED_FUNCTION = YES;
				GCC_WARN_UNUSED_VARIABLE = YES;
				IPHONEOS_DEPLOYMENT_TARGET = 14.3;
				MTL_ENABLE_DEBUG_INFO = INCLUDE_SOURCE;
				MTL_FAST_MATH = YES;
				ONLY_ACTIVE_ARCH = YES;
				SDKROOT = iphoneos;
				SWIFT_ACTIVE_COMPILATION_CONDITIONS = DEBUG;
				SWIFT_OPTIMIZATION_LEVEL = "-Onone";
			};
			name = Debug;
		};
		1372A03E25F4CC90006DC40B /* Release */ = {
			isa = XCBuildConfiguration;
			buildSettings = {
				ALWAYS_SEARCH_USER_PATHS = NO;
				CLANG_ANALYZER_NONNULL = YES;
				CLANG_ANALYZER_NUMBER_OBJECT_CONVERSION = YES_AGGRESSIVE;
				CLANG_CXX_LANGUAGE_STANDARD = "gnu++14";
				CLANG_CXX_LIBRARY = "libc++";
				CLANG_ENABLE_MODULES = YES;
				CLANG_ENABLE_OBJC_ARC = YES;
				CLANG_ENABLE_OBJC_WEAK = YES;
				CLANG_WARN_BLOCK_CAPTURE_AUTORELEASING = YES;
				CLANG_WARN_BOOL_CONVERSION = YES;
				CLANG_WARN_COMMA = YES;
				CLANG_WARN_CONSTANT_CONVERSION = YES;
				CLANG_WARN_DEPRECATED_OBJC_IMPLEMENTATIONS = YES;
				CLANG_WARN_DIRECT_OBJC_ISA_USAGE = YES_ERROR;
				CLANG_WARN_DOCUMENTATION_COMMENTS = YES;
				CLANG_WARN_EMPTY_BODY = YES;
				CLANG_WARN_ENUM_CONVERSION = YES;
				CLANG_WARN_INFINITE_RECURSION = YES;
				CLANG_WARN_INT_CONVERSION = YES;
				CLANG_WARN_NON_LITERAL_NULL_CONVERSION = YES;
				CLANG_WARN_OBJC_IMPLICIT_RETAIN_SELF = YES;
				CLANG_WARN_OBJC_LITERAL_CONVERSION = YES;
				CLANG_WARN_OBJC_ROOT_CLASS = YES_ERROR;
				CLANG_WARN_QUOTED_INCLUDE_IN_FRAMEWORK_HEADER = YES;
				CLANG_WARN_RANGE_LOOP_ANALYSIS = YES;
				CLANG_WARN_STRICT_PROTOTYPES = YES;
				CLANG_WARN_SUSPICIOUS_MOVE = YES;
				CLANG_WARN_UNGUARDED_AVAILABILITY = YES_AGGRESSIVE;
				CLANG_WARN_UNREACHABLE_CODE = YES;
				CLANG_WARN__DUPLICATE_METHOD_MATCH = YES;
				COPY_PHASE_STRIP = NO;
				DEBUG_INFORMATION_FORMAT = "dwarf-with-dsym";
				ENABLE_NS_ASSERTIONS = NO;
				ENABLE_STRICT_OBJC_MSGSEND = YES;
				GCC_C_LANGUAGE_STANDARD = gnu11;
				GCC_NO_COMMON_BLOCKS = YES;
				GCC_WARN_64_TO_32_BIT_CONVERSION = YES;
				GCC_WARN_ABOUT_RETURN_TYPE = YES_ERROR;
				GCC_WARN_UNDECLARED_SELECTOR = YES;
				GCC_WARN_UNINITIALIZED_AUTOS = YES_AGGRESSIVE;
				GCC_WARN_UNUSED_FUNCTION = YES;
				GCC_WARN_UNUSED_VARIABLE = YES;
				IPHONEOS_DEPLOYMENT_TARGET = 14.3;
				MTL_ENABLE_DEBUG_INFO = NO;
				MTL_FAST_MATH = YES;
				SDKROOT = iphoneos;
				SWIFT_COMPILATION_MODE = wholemodule;
				SWIFT_OPTIMIZATION_LEVEL = "-O";
				VALIDATE_PRODUCT = YES;
			};
			name = Release;
		};
		1372A04025F4CC90006DC40B /* Debug */ = {
			isa = XCBuildConfiguration;
			buildSettings = {
				ASSETCATALOG_COMPILER_APPICON_NAME = AppIcon;
				ASSETCATALOG_COMPILER_GLOBAL_ACCENT_COLOR_NAME = AccentColor;
				CODE_SIGN_STYLE = Automatic;
				INFOPLIST_FILE = ToDoList/Info.plist;
				LD_RUNPATH_SEARCH_PATHS = (
					"$(inherited)",
					"@executable_path/Frameworks",
				);
				PRODUCT_BUNDLE_IDENTIFIER = Minsol.ToDoList;
				PRODUCT_NAME = "$(TARGET_NAME)";
				SWIFT_VERSION = 5.0;
				TARGETED_DEVICE_FAMILY = "1,2";
			};
			name = Debug;
		};
		1372A04125F4CC90006DC40B /* Release */ = {
			isa = XCBuildConfiguration;
			buildSettings = {
				ASSETCATALOG_COMPILER_APPICON_NAME = AppIcon;
				ASSETCATALOG_COMPILER_GLOBAL_ACCENT_COLOR_NAME = AccentColor;
				CODE_SIGN_STYLE = Automatic;
				INFOPLIST_FILE = ToDoList/Info.plist;
				LD_RUNPATH_SEARCH_PATHS = (
					"$(inherited)",
					"@executable_path/Frameworks",
				);
				PRODUCT_BUNDLE_IDENTIFIER = Minsol.ToDoList;
				PRODUCT_NAME = "$(TARGET_NAME)";
				SWIFT_VERSION = 5.0;
				TARGETED_DEVICE_FAMILY = "1,2";
			};
			name = Release;
		};
		1372A04325F4CC90006DC40B /* Debug */ = {
			isa = XCBuildConfiguration;
			buildSettings = {
				ALWAYS_EMBED_SWIFT_STANDARD_LIBRARIES = YES;
				BUNDLE_LOADER = "$(TEST_HOST)";
				CODE_SIGN_STYLE = Automatic;
				INFOPLIST_FILE = ToDoListTests/Info.plist;
				IPHONEOS_DEPLOYMENT_TARGET = 14.3;
				LD_RUNPATH_SEARCH_PATHS = (
					"$(inherited)",
					"@executable_path/Frameworks",
					"@loader_path/Frameworks",
				);
				PRODUCT_BUNDLE_IDENTIFIER = Minsol.ToDoListTests;
				PRODUCT_NAME = "$(TARGET_NAME)";
				SWIFT_VERSION = 5.0;
				TARGETED_DEVICE_FAMILY = "1,2";
				TEST_HOST = "$(BUILT_PRODUCTS_DIR)/ToDoList.app/ToDoList";
			};
			name = Debug;
		};
		1372A04425F4CC90006DC40B /* Release */ = {
			isa = XCBuildConfiguration;
			buildSettings = {
				ALWAYS_EMBED_SWIFT_STANDARD_LIBRARIES = YES;
				BUNDLE_LOADER = "$(TEST_HOST)";
				CODE_SIGN_STYLE = Automatic;
				INFOPLIST_FILE = ToDoListTests/Info.plist;
				IPHONEOS_DEPLOYMENT_TARGET = 14.3;
				LD_RUNPATH_SEARCH_PATHS = (
					"$(inherited)",
					"@executable_path/Frameworks",
					"@loader_path/Frameworks",
				);
				PRODUCT_BUNDLE_IDENTIFIER = Minsol.ToDoListTests;
				PRODUCT_NAME = "$(TARGET_NAME)";
				SWIFT_VERSION = 5.0;
				TARGETED_DEVICE_FAMILY = "1,2";
				TEST_HOST = "$(BUILT_PRODUCTS_DIR)/ToDoList.app/ToDoList";
			};
			name = Release;
		};
		1372A04625F4CC90006DC40B /* Debug */ = {
			isa = XCBuildConfiguration;
			buildSettings = {
				ALWAYS_EMBED_SWIFT_STANDARD_LIBRARIES = YES;
				CODE_SIGN_STYLE = Automatic;
				INFOPLIST_FILE = ToDoListUITests/Info.plist;
				LD_RUNPATH_SEARCH_PATHS = (
					"$(inherited)",
					"@executable_path/Frameworks",
					"@loader_path/Frameworks",
				);
				PRODUCT_BUNDLE_IDENTIFIER = Minsol.ToDoListUITests;
				PRODUCT_NAME = "$(TARGET_NAME)";
				SWIFT_VERSION = 5.0;
				TARGETED_DEVICE_FAMILY = "1,2";
				TEST_TARGET_NAME = ToDoList;
			};
			name = Debug;
		};
		1372A04725F4CC90006DC40B /* Release */ = {
			isa = XCBuildConfiguration;
			buildSettings = {
				ALWAYS_EMBED_SWIFT_STANDARD_LIBRARIES = YES;
				CODE_SIGN_STYLE = Automatic;
				INFOPLIST_FILE = ToDoListUITests/Info.plist;
				LD_RUNPATH_SEARCH_PATHS = (
					"$(inherited)",
					"@executable_path/Frameworks",
					"@loader_path/Frameworks",
				);
				PRODUCT_BUNDLE_IDENTIFIER = Minsol.ToDoListUITests;
				PRODUCT_NAME = "$(TARGET_NAME)";
				SWIFT_VERSION = 5.0;
				TARGETED_DEVICE_FAMILY = "1,2";
				TEST_TARGET_NAME = ToDoList;
			};
			name = Release;
		};
/* End XCBuildConfiguration section */

/* Begin XCConfigurationList section */
		1372A01025F4CC87006DC40B /* Build configuration list for PBXProject "ToDoList" */ = {
			isa = XCConfigurationList;
			buildConfigurations = (
				1372A03D25F4CC90006DC40B /* Debug */,
				1372A03E25F4CC90006DC40B /* Release */,
			);
			defaultConfigurationIsVisible = 0;
			defaultConfigurationName = Release;
		};
		1372A03F25F4CC90006DC40B /* Build configuration list for PBXNativeTarget "ToDoList" */ = {
			isa = XCConfigurationList;
			buildConfigurations = (
				1372A04025F4CC90006DC40B /* Debug */,
				1372A04125F4CC90006DC40B /* Release */,
			);
			defaultConfigurationIsVisible = 0;
			defaultConfigurationName = Release;
		};
		1372A04225F4CC90006DC40B /* Build configuration list for PBXNativeTarget "ToDoListTests" */ = {
			isa = XCConfigurationList;
			buildConfigurations = (
				1372A04325F4CC90006DC40B /* Debug */,
				1372A04425F4CC90006DC40B /* Release */,
			);
			defaultConfigurationIsVisible = 0;
			defaultConfigurationName = Release;
		};
		1372A04525F4CC90006DC40B /* Build configuration list for PBXNativeTarget "ToDoListUITests" */ = {
			isa = XCConfigurationList;
			buildConfigurations = (
				1372A04625F4CC90006DC40B /* Debug */,
				1372A04725F4CC90006DC40B /* Release */,
			);
			defaultConfigurationIsVisible = 0;
			defaultConfigurationName = Release;
		};
/* End XCConfigurationList section */
	};
	rootObject = 1372A00D25F4CC87006DC40B /* Project object */;
}
